
Microsoft Visual Studio Solution File, Format Version 11.00
# Visual Studio 2010
Project("{FAE04EC0-301F-11D3-BF4B-00C04F79EFBC}") = "ClientListener", "ClientListener\ClientListener.csproj", "{D89AA689-FFE8-4E8C-9748-F0C3264FCAD9}"
EndProject
Project("{FAE04EC0-301F-11D3-BF4B-00C04F79EFBC}") = "Messages", "Messages\Messages.csproj", "{0D051FC3-C520-4874-848E-8D80E438D334}"
EndProject
Project("{FAE04EC0-301F-11D3-BF4B-00C04F79EFBC}") = "Mailer", "Mailer\Mailer.csproj", "{D62441D8-95C0-47EB-987B-0C6DAAA4B39F}"
EndProject
Project("{FAE04EC0-301F-11D3-BF4B-00C04F79EFBC}") = "ExcelCreator", "ExcelCreator\ExcelCreator.csproj", "{7FC1A971-9DA6-46D6-AF05-727EEB7053B8}"
EndProject
Project("{FAE04EC0-301F-11D3-BF4B-00C04F79EFBC}") = "FileWatcher", "FileWatcher\FileWatcher.csproj", "{E7F8D67E-7CE4-41EE-8F3D-EC114ECCA662}"
EndProject
Project("{FAE04EC0-301F-11D3-BF4B-00C04F79EFBC}") = "UserStorySaga", "UserStorySaga\UserStorySaga.csproj", "{E09ED910-77D2-4F7E-9FD2-16C746B56F30}"
EndProject
Project("{FAE04EC0-301F-11D3-BF4B-00C04F79EFBC}") = "Tracert", "Tracert\Tracert.csproj", "{72F562EF-AA09-4E50-9F77-655636AEA746}"
EndProject
Project("{2150E333-8FDC-42A3-9474-1A3956D46DE8}") = ".nuget", ".nuget", "{C057E25C-4524-4FCF-96C7-438C1D1C4B00}"
	ProjectSection(SolutionItems) = preProject
		.nuget\NuGet.Config = .nuget\NuGet.Config
		.nuget\NuGet.exe = .nuget\NuGet.exe
		.nuget\NuGet.targets = .nuget\NuGet.targets
	EndProjectSection
EndProject
Global
	GlobalSection(SolutionConfigurationPlatforms) = preSolution
		Debug|Any CPU = Debug|Any CPU
		Debug|Mixed Platforms = Debug|Mixed Platforms
		Debug|x86 = Debug|x86
		Release|Any CPU = Release|Any CPU
		Release|Mixed Platforms = Release|Mixed Platforms
		Release|x86 = Release|x86
	EndGlobalSection
	GlobalSection(ProjectConfigurationPlatforms) = postSolution
		{D89AA689-FFE8-4E8C-9748-F0C3264FCAD9}.Debug|Any CPU.ActiveCfg = Debug|x86
		{D89AA689-FFE8-4E8C-9748-F0C3264FCAD9}.Debug|Mixed Platforms.ActiveCfg = Debug|x86
		{D89AA689-FFE8-4E8C-9748-F0C3264FCAD9}.Debug|Mixed Platforms.Build.0 = Debug|x86
		{D89AA689-FFE8-4E8C-9748-F0C3264FCAD9}.Debug|x86.ActiveCfg = Debug|x86
		{D89AA689-FFE8-4E8C-9748-F0C3264FCAD9}.Debug|x86.Build.0 = Debug|x86
		{D89AA689-FFE8-4E8C-9748-F0C3264FCAD9}.Release|Any CPU.ActiveCfg = Release|x86
		{D89AA689-FFE8-4E8C-9748-F0C3264FCAD9}.Release|Mixed Platforms.ActiveCfg = Release|x86
		{D89AA689-FFE8-4E8C-9748-F0C3264FCAD9}.Release|Mixed Platforms.Build.0 = Release|x86
		{D89AA689-FFE8-4E8C-9748-F0C3264FCAD9}.Release|x86.ActiveCfg = Release|x86
		{D89AA689-FFE8-4E8C-9748-F0C3264FCAD9}.Release|x86.Build.0 = Release|x86
		{0D051FC3-C520-4874-848E-8D80E438D334}.Debug|Any CPU.ActiveCfg = Debug|Any CPU
		{0D051FC3-C520-4874-848E-8D80E438D334}.Debug|Any CPU.Build.0 = Debug|Any CPU
		{0D051FC3-C520-4874-848E-8D80E438D334}.Debug|Mixed Platforms.ActiveCfg = Debug|Any CPU
		{0D051FC3-C520-4874-848E-8D80E438D334}.Debug|Mixed Platforms.Build.0 = Debug|Any CPU
		{0D051FC3-C520-4874-848E-8D80E438D334}.Debug|x86.ActiveCfg = Debug|Any CPU
		{0D051FC3-C520-4874-848E-8D80E438D334}.Release|Any CPU.ActiveCfg = Release|Any CPU
		{0D051FC3-C520-4874-848E-8D80E438D334}.Release|Any CPU.Build.0 = Release|Any CPU
		{0D051FC3-C520-4874-848E-8D80E438D334}.Release|Mixed Platforms.ActiveCfg = Release|Any CPU
		{0D051FC3-C520-4874-848E-8D80E438D334}.Release|Mixed Platforms.Build.0 = Release|Any CPU
		{0D051FC3-C520-4874-848E-8D80E438D334}.Release|x86.ActiveCfg = Release|Any CPU
		{D62441D8-95C0-47EB-987B-0C6DAAA4B39F}.Debug|Any CPU.ActiveCfg = Debug|x86
		{D62441D8-95C0-47EB-987B-0C6DAAA4B39F}.Debug|Mixed Platforms.ActiveCfg = Debug|x86
		{D62441D8-95C0-47EB-987B-0C6DAAA4B39F}.Debug|Mixed Platforms.Build.0 = Debug|x86
		{D62441D8-95C0-47EB-987B-0C6DAAA4B39F}.Debug|x86.ActiveCfg = Debug|x86
		{D62441D8-95C0-47EB-987B-0C6DAAA4B39F}.Debug|x86.Build.0 = Debug|x86
		{D62441D8-95C0-47EB-987B-0C6DAAA4B39F}.Release|Any CPU.ActiveCfg = Release|x86
		{D62441D8-95C0-47EB-987B-0C6DAAA4B39F}.Release|Mixed Platforms.ActiveCfg = Release|x86
		{D62441D8-95C0-47EB-987B-0C6DAAA4B39F}.Release|Mixed Platforms.Build.0 = Release|x86
		{D62441D8-95C0-47EB-987B-0C6DAAA4B39F}.Release|x86.ActiveCfg = Release|x86
		{D62441D8-95C0-47EB-987B-0C6DAAA4B39F}.Release|x86.Build.0 = Release|x86
		{7FC1A971-9DA6-46D6-AF05-727EEB7053B8}.Debug|Any CPU.ActiveCfg = Debug|x86
		{7FC1A971-9DA6-46D6-AF05-727EEB7053B8}.Debug|Mixed Platforms.ActiveCfg = Debug|x86
		{7FC1A971-9DA6-46D6-AF05-727EEB7053B8}.Debug|Mixed Platforms.Build.0 = Debug|x86
		{7FC1A971-9DA6-46D6-AF05-727EEB7053B8}.Debug|x86.ActiveCfg = Debug|x86
		{7FC1A971-9DA6-46D6-AF05-727EEB7053B8}.Debug|x86.Build.0 = Debug|x86
		{7FC1A971-9DA6-46D6-AF05-727EEB7053B8}.Release|Any CPU.ActiveCfg = Release|x86
		{7FC1A971-9DA6-46D6-AF05-727EEB7053B8}.Release|Mixed Platforms.ActiveCfg = Release|x86
		{7FC1A971-9DA6-46D6-AF05-727EEB7053B8}.Release|Mixed Platforms.Build.0 = Release|x86
		{7FC1A971-9DA6-46D6-AF05-727EEB7053B8}.Release|x86.ActiveCfg = Release|x86
		{7FC1A971-9DA6-46D6-AF05-727EEB7053B8}.Release|x86.Build.0 = Release|x86
		{E7F8D67E-7CE4-41EE-8F3D-EC114ECCA662}.Debug|Any CPU.ActiveCfg = Debug|x86
		{E7F8D67E-7CE4-41EE-8F3D-EC114ECCA662}.Debug|Mixed Platforms.ActiveCfg = Debug|x86
		{E7F8D67E-7CE4-41EE-8F3D-EC114ECCA662}.Debug|Mixed Platforms.Build.0 = Debug|x86
		{E7F8D67E-7CE4-41EE-8F3D-EC114ECCA662}.Debug|x86.ActiveCfg = Debug|x86
		{E7F8D67E-7CE4-41EE-8F3D-EC114ECCA662}.Debug|x86.Build.0 = Debug|x86
		{E7F8D67E-7CE4-41EE-8F3D-EC114ECCA662}.Release|Any CPU.ActiveCfg = Release|x86
		{E7F8D67E-7CE4-41EE-8F3D-EC114ECCA662}.Release|Mixed Platforms.ActiveCfg = Release|x86
		{E7F8D67E-7CE4-41EE-8F3D-EC114ECCA662}.Release|Mixed Platforms.Build.0 = Release|x86
		{E7F8D67E-7CE4-41EE-8F3D-EC114ECCA662}.Release|x86.ActiveCfg = Release|x86
		{E7F8D67E-7CE4-41EE-8F3D-EC114ECCA662}.Release|x86.Build.0 = Release|x86
		{E09ED910-77D2-4F7E-9FD2-16C746B56F30}.Debug|Any CPU.ActiveCfg = Debug|x86
		{E09ED910-77D2-4F7E-9FD2-16C746B56F30}.Debug|Mixed Platforms.ActiveCfg = Debug|x86
		{E09ED910-77D2-4F7E-9FD2-16C746B56F30}.Debug|Mixed Platforms.Build.0 = Debug|x86
		{E09ED910-77D2-4F7E-9FD2-16C746B56F30}.Debug|x86.ActiveCfg = Debug|x86
		{E09ED910-77D2-4F7E-9FD2-16C746B56F30}.Debug|x86.Build.0 = Debug|x86
		{E09ED910-77D2-4F7E-9FD2-16C746B56F30}.Release|Any CPU.ActiveCfg = Release|x86
		{E09ED910-77D2-4F7E-9FD2-16C746B56F30}.Release|Mixed Platforms.ActiveCfg = Release|x86
		{E09ED910-77D2-4F7E-9FD2-16C746B56F30}.Release|Mixed Platforms.Build.0 = Release|x86
		{E09ED910-77D2-4F7E-9FD2-16C746B56F30}.Release|x86.ActiveCfg = Release|x86
		{E09ED910-77D2-4F7E-9FD2-16C746B56F30}.Release|x86.Build.0 = Release|x86
		{72F562EF-AA09-4E50-9F77-655636AEA746}.Debug|Any CPU.ActiveCfg = Debug|x86
		{72F562EF-AA09-4E50-9F77-655636AEA746}.Debug|Mixed Platforms.ActiveCfg = Debug|x86
		{72F562EF-AA09-4E50-9F77-655636AEA746}.Debug|Mixed Platforms.Build.0 = Debug|x86
		{72F562EF-AA09-4E50-9F77-655636AEA746}.Debug|x86.ActiveCfg = Debug|x86
		{72F562EF-AA09-4E50-9F77-655636AEA746}.Debug|x86.Build.0 = Debug|x86
		{72F562EF-AA09-4E50-9F77-655636AEA746}.Release|Any CPU.ActiveCfg = Release|x86
		{72F562EF-AA09-4E50-9F77-655636AEA746}.Release|Mixed Platforms.ActiveCfg = Release|x86
		{72F562EF-AA09-4E50-9F77-655636AEA746}.Release|Mixed Platforms.Build.0 = Release|x86
		{72F562EF-AA09-4E50-9F77-655636AEA746}.Release|x86.ActiveCfg = Release|x86
		{72F562EF-AA09-4E50-9F77-655636AEA746}.Release|x86.Build.0 = Release|x86
	EndGlobalSection
	GlobalSection(SolutionProperties) = preSolution
		HideSolutionNode = FALSE
	EndGlobalSection
EndGlobal
