
Microsoft Visual Studio Solution File, Format Version 11.00
# Visual Studio 2010
Project("{FAE04EC0-301F-11D3-BF4B-00C04F79EFBC}") = "Consumer", "Consumer\Consumer.csproj", "{2A9995DE-8B84-494A-B8CA-0A5EFE250EC6}"
EndProject
Project("{FAE04EC0-301F-11D3-BF4B-00C04F79EFBC}") = "Messages", "Messages\Messages.csproj", "{6956C57D-B8B3-4C22-86F0-79399BD6F919}"
EndProject
Project("{F2A71F9B-5D33-465A-A702-920D77279786}") = "Publisher", "Publisher\Publisher.fsproj", "{42A8AD37-2276-4C6F-93EB-049A588AE603}"
EndProject
Global
	GlobalSection(SolutionConfigurationPlatforms) = preSolution
		Debug|Any CPU = Debug|Any CPU
		Debug|Mixed Platforms = Debug|Mixed Platforms
		Debug|x86 = Debug|x86
		Release|Any CPU = Release|Any CPU
		Release|Mixed Platforms = Release|Mixed Platforms
		Release|x86 = Release|x86
	EndGlobalSection
	GlobalSection(ProjectConfigurationPlatforms) = postSolution
		{2A9995DE-8B84-494A-B8CA-0A5EFE250EC6}.Debug|Any CPU.ActiveCfg = Debug|x86
		{2A9995DE-8B84-494A-B8CA-0A5EFE250EC6}.Debug|Mixed Platforms.ActiveCfg = Debug|x86
		{2A9995DE-8B84-494A-B8CA-0A5EFE250EC6}.Debug|Mixed Platforms.Build.0 = Debug|x86
		{2A9995DE-8B84-494A-B8CA-0A5EFE250EC6}.Debug|x86.ActiveCfg = Debug|x86
		{2A9995DE-8B84-494A-B8CA-0A5EFE250EC6}.Debug|x86.Build.0 = Debug|x86
		{2A9995DE-8B84-494A-B8CA-0A5EFE250EC6}.Release|Any CPU.ActiveCfg = Release|x86
		{2A9995DE-8B84-494A-B8CA-0A5EFE250EC6}.Release|Mixed Platforms.ActiveCfg = Release|x86
		{2A9995DE-8B84-494A-B8CA-0A5EFE250EC6}.Release|Mixed Platforms.Build.0 = Release|x86
		{2A9995DE-8B84-494A-B8CA-0A5EFE250EC6}.Release|x86.ActiveCfg = Release|x86
		{2A9995DE-8B84-494A-B8CA-0A5EFE250EC6}.Release|x86.Build.0 = Release|x86
		{6956C57D-B8B3-4C22-86F0-79399BD6F919}.Debug|Any CPU.ActiveCfg = Debug|Any CPU
		{6956C57D-B8B3-4C22-86F0-79399BD6F919}.Debug|Any CPU.Build.0 = Debug|Any CPU
		{6956C57D-B8B3-4C22-86F0-79399BD6F919}.Debug|Mixed Platforms.ActiveCfg = Debug|Any CPU
		{6956C57D-B8B3-4C22-86F0-79399BD6F919}.Debug|Mixed Platforms.Build.0 = Debug|Any CPU
		{6956C57D-B8B3-4C22-86F0-79399BD6F919}.Debug|x86.ActiveCfg = Debug|Any CPU
		{6956C57D-B8B3-4C22-86F0-79399BD6F919}.Release|Any CPU.ActiveCfg = Release|Any CPU
		{6956C57D-B8B3-4C22-86F0-79399BD6F919}.Release|Any CPU.Build.0 = Release|Any CPU
		{6956C57D-B8B3-4C22-86F0-79399BD6F919}.Release|Mixed Platforms.ActiveCfg = Release|Any CPU
		{6956C57D-B8B3-4C22-86F0-79399BD6F919}.Release|Mixed Platforms.Build.0 = Release|Any CPU
		{6956C57D-B8B3-4C22-86F0-79399BD6F919}.Release|x86.ActiveCfg = Release|Any CPU
		{42A8AD37-2276-4C6F-93EB-049A588AE603}.Debug|Any CPU.ActiveCfg = Debug|x86
		{42A8AD37-2276-4C6F-93EB-049A588AE603}.Debug|Mixed Platforms.ActiveCfg = Debug|x86
		{42A8AD37-2276-4C6F-93EB-049A588AE603}.Debug|Mixed Platforms.Build.0 = Debug|x86
		{42A8AD37-2276-4C6F-93EB-049A588AE603}.Debug|x86.ActiveCfg = Debug|x86
		{42A8AD37-2276-4C6F-93EB-049A588AE603}.Debug|x86.Build.0 = Debug|x86
		{42A8AD37-2276-4C6F-93EB-049A588AE603}.Release|Any CPU.ActiveCfg = Release|x86
		{42A8AD37-2276-4C6F-93EB-049A588AE603}.Release|Mixed Platforms.ActiveCfg = Release|x86
		{42A8AD37-2276-4C6F-93EB-049A588AE603}.Release|Mixed Platforms.Build.0 = Release|x86
		{42A8AD37-2276-4C6F-93EB-049A588AE603}.Release|x86.ActiveCfg = Release|x86
		{42A8AD37-2276-4C6F-93EB-049A588AE603}.Release|x86.Build.0 = Release|x86
	EndGlobalSection
	GlobalSection(SolutionProperties) = preSolution
		HideSolutionNode = FALSE
	EndGlobalSection
EndGlobal
